
Microsoft Visual Studio Solution File, Format Version 12.00
# Visual Studio Version 16
VisualStudioVersion = 16.0.29728.190
MinimumVisualStudioVersion = 10.0.40219.1
Project("{FAE04EC0-301F-11D3-BF4B-00C04F79EFBC}") = "_nameSpaceExamples", "_nameSpaceExamples.csproj", "{C2A7D3B8-72E9-4755-836B-385BDCCA651E}"
EndProject
Global
	GlobalSection(SolutionConfigurationPlatforms) = preSolution
		Debug|Any CPU = Debug|Any CPU
		Release|Any CPU = Release|Any CPU
	EndGlobalSection
	GlobalSection(ProjectConfigurationPlatforms) = postSolution
		{C2A7D3B8-72E9-4755-836B-385BDCCA651E}.Debug|Any CPU.ActiveCfg = Debug|Any CPU
		{C2A7D3B8-72E9-4755-836B-385BDCCA651E}.Debug|Any CPU.Build.0 = Debug|Any CPU
		{C2A7D3B8-72E9-4755-836B-385BDCCA651E}.Release|Any CPU.ActiveCfg = Release|Any CPU
		{C2A7D3B8-72E9-4755-836B-385BDCCA651E}.Release|Any CPU.Build.0 = Release|Any CPU
	EndGlobalSection
	GlobalSection(SolutionProperties) = preSolution
		HideSolutionNode = FALSE
	EndGlobalSection
	GlobalSection(ExtensibilityGlobals) = postSolution
		SolutionGuid = {5D056551-9D57-4D3D-B72B-6D4263BDBF89}
	EndGlobalSection
EndGlobal
