
Microsoft Visual Studio Solution File, Format Version 12.00
# Visual Studio Version 16
VisualStudioVersion = 16.0.29728.190
MinimumVisualStudioVersion = 10.0.40219.1
Project("{FAE04EC0-301F-11D3-BF4B-00C04F79EFBC}") = "_Recangle3", "_Recangle3.csproj", "{305F1523-126D-4106-A5E1-8F78F60447EA}"
EndProject
Global
	GlobalSection(SolutionConfigurationPlatforms) = preSolution
		Debug|Any CPU = Debug|Any CPU
		Release|Any CPU = Release|Any CPU
	EndGlobalSection
	GlobalSection(ProjectConfigurationPlatforms) = postSolution
		{305F1523-126D-4106-A5E1-8F78F60447EA}.Debug|Any CPU.ActiveCfg = Debug|Any CPU
		{305F1523-126D-4106-A5E1-8F78F60447EA}.Debug|Any CPU.Build.0 = Debug|Any CPU
		{305F1523-126D-4106-A5E1-8F78F60447EA}.Release|Any CPU.ActiveCfg = Release|Any CPU
		{305F1523-126D-4106-A5E1-8F78F60447EA}.Release|Any CPU.Build.0 = Release|Any CPU
	EndGlobalSection
	GlobalSection(SolutionProperties) = preSolution
		HideSolutionNode = FALSE
	EndGlobalSection
	GlobalSection(ExtensibilityGlobals) = postSolution
		SolutionGuid = {6C531D5D-79AE-4AE5-B029-4A642C7DF1D9}
	EndGlobalSection
EndGlobal
