
Microsoft Visual Studio Solution File, Format Version 12.00
# Visual Studio Version 16
VisualStudioVersion = 16.0.29519.87
MinimumVisualStudioVersion = 10.0.40219.1
Project("{FAE04EC0-301F-11D3-BF4B-00C04F79EFBC}") = "StaticExample", "StaticExample.csproj", "{7F5A1F0A-8764-4E24-B321-F3991CB301B1}"
EndProject
Project("{FAE04EC0-301F-11D3-BF4B-00C04F79EFBC}") = "DistanceConverterVid", "..\DistanceConverterVid\DistanceConverterVid.csproj", "{A699025A-6DF4-4E96-ADA5-8E3FC3CE8583}"
EndProject
Project("{FAE04EC0-301F-11D3-BF4B-00C04F79EFBC}") = "_partialExample", "..\_partialExample\_partialExample.csproj", "{932CF565-73F9-4109-A936-96CDC4A12711}"
EndProject
Project("{FAE04EC0-301F-11D3-BF4B-00C04F79EFBC}") = "DateProject", "..\DateProject\DateProject.csproj", "{DFD2484A-48FD-4EED-B89C-DCA4D1F3B0BD}"
EndProject
Global
	GlobalSection(SolutionConfigurationPlatforms) = preSolution
		Debug|Any CPU = Debug|Any CPU
		Release|Any CPU = Release|Any CPU
	EndGlobalSection
	GlobalSection(ProjectConfigurationPlatforms) = postSolution
		{7F5A1F0A-8764-4E24-B321-F3991CB301B1}.Debug|Any CPU.ActiveCfg = Debug|Any CPU
		{7F5A1F0A-8764-4E24-B321-F3991CB301B1}.Debug|Any CPU.Build.0 = Debug|Any CPU
		{7F5A1F0A-8764-4E24-B321-F3991CB301B1}.Release|Any CPU.ActiveCfg = Release|Any CPU
		{7F5A1F0A-8764-4E24-B321-F3991CB301B1}.Release|Any CPU.Build.0 = Release|Any CPU
		{A699025A-6DF4-4E96-ADA5-8E3FC3CE8583}.Debug|Any CPU.ActiveCfg = Debug|Any CPU
		{A699025A-6DF4-4E96-ADA5-8E3FC3CE8583}.Debug|Any CPU.Build.0 = Debug|Any CPU
		{A699025A-6DF4-4E96-ADA5-8E3FC3CE8583}.Release|Any CPU.ActiveCfg = Release|Any CPU
		{A699025A-6DF4-4E96-ADA5-8E3FC3CE8583}.Release|Any CPU.Build.0 = Release|Any CPU
		{932CF565-73F9-4109-A936-96CDC4A12711}.Debug|Any CPU.ActiveCfg = Debug|Any CPU
		{932CF565-73F9-4109-A936-96CDC4A12711}.Debug|Any CPU.Build.0 = Debug|Any CPU
		{932CF565-73F9-4109-A936-96CDC4A12711}.Release|Any CPU.ActiveCfg = Release|Any CPU
		{932CF565-73F9-4109-A936-96CDC4A12711}.Release|Any CPU.Build.0 = Release|Any CPU
		{DFD2484A-48FD-4EED-B89C-DCA4D1F3B0BD}.Debug|Any CPU.ActiveCfg = Debug|Any CPU
		{DFD2484A-48FD-4EED-B89C-DCA4D1F3B0BD}.Debug|Any CPU.Build.0 = Debug|Any CPU
		{DFD2484A-48FD-4EED-B89C-DCA4D1F3B0BD}.Release|Any CPU.ActiveCfg = Release|Any CPU
		{DFD2484A-48FD-4EED-B89C-DCA4D1F3B0BD}.Release|Any CPU.Build.0 = Release|Any CPU
	EndGlobalSection
	GlobalSection(SolutionProperties) = preSolution
		HideSolutionNode = FALSE
	EndGlobalSection
	GlobalSection(ExtensibilityGlobals) = postSolution
		SolutionGuid = {805F196C-1440-44B3-BFF9-777EEC0C8C49}
	EndGlobalSection
EndGlobal
