
Microsoft Visual Studio Solution File, Format Version 12.00
# Visual Studio Version 16
VisualStudioVersion = 16.0.29728.190
MinimumVisualStudioVersion = 10.0.40219.1
Project("{FAE04EC0-301F-11D3-BF4B-00C04F79EFBC}") = "_Struct", "_Struct.csproj", "{C353AF4E-27AC-4090-9977-193F39A5A5B7}"
EndProject
Global
	GlobalSection(SolutionConfigurationPlatforms) = preSolution
		Debug|Any CPU = Debug|Any CPU
		Release|Any CPU = Release|Any CPU
	EndGlobalSection
	GlobalSection(ProjectConfigurationPlatforms) = postSolution
		{C353AF4E-27AC-4090-9977-193F39A5A5B7}.Debug|Any CPU.ActiveCfg = Debug|Any CPU
		{C353AF4E-27AC-4090-9977-193F39A5A5B7}.Debug|Any CPU.Build.0 = Debug|Any CPU
		{C353AF4E-27AC-4090-9977-193F39A5A5B7}.Release|Any CPU.ActiveCfg = Release|Any CPU
		{C353AF4E-27AC-4090-9977-193F39A5A5B7}.Release|Any CPU.Build.0 = Release|Any CPU
	EndGlobalSection
	GlobalSection(SolutionProperties) = preSolution
		HideSolutionNode = FALSE
	EndGlobalSection
	GlobalSection(ExtensibilityGlobals) = postSolution
		SolutionGuid = {5B48E0E9-3B8D-45B8-B725-0F0A058516C5}
	EndGlobalSection
EndGlobal
