
Microsoft Visual Studio Solution File, Format Version 12.00
# Visual Studio Version 16
VisualStudioVersion = 16.0.29519.87
MinimumVisualStudioVersion = 10.0.40219.1
Project("{FAE04EC0-301F-11D3-BF4B-00C04F79EFBC}") = "ConsoleApp4", "ConsoleApp4.csproj", "{398B4F83-1E6D-4559-9FB7-0F86F4738FF9}"
EndProject
Project("{FAE04EC0-301F-11D3-BF4B-00C04F79EFBC}") = "_Parameters", "..\_Parameters\_Parameters.csproj", "{6CC22909-3AD9-4DDF-BED5-B4C9B0DD854C}"
EndProject
Project("{FAE04EC0-301F-11D3-BF4B-00C04F79EFBC}") = "_paramsExample", "..\_paramsExample\_paramsExample.csproj", "{1EEBDF65-5BE9-4750-8815-D4770D66D5E8}"
EndProject
Global
	GlobalSection(SolutionConfigurationPlatforms) = preSolution
		Debug|Any CPU = Debug|Any CPU
		Release|Any CPU = Release|Any CPU
	EndGlobalSection
	GlobalSection(ProjectConfigurationPlatforms) = postSolution
		{398B4F83-1E6D-4559-9FB7-0F86F4738FF9}.Debug|Any CPU.ActiveCfg = Debug|Any CPU
		{398B4F83-1E6D-4559-9FB7-0F86F4738FF9}.Debug|Any CPU.Build.0 = Debug|Any CPU
		{398B4F83-1E6D-4559-9FB7-0F86F4738FF9}.Release|Any CPU.ActiveCfg = Release|Any CPU
		{398B4F83-1E6D-4559-9FB7-0F86F4738FF9}.Release|Any CPU.Build.0 = Release|Any CPU
		{6CC22909-3AD9-4DDF-BED5-B4C9B0DD854C}.Debug|Any CPU.ActiveCfg = Debug|Any CPU
		{6CC22909-3AD9-4DDF-BED5-B4C9B0DD854C}.Debug|Any CPU.Build.0 = Debug|Any CPU
		{6CC22909-3AD9-4DDF-BED5-B4C9B0DD854C}.Release|Any CPU.ActiveCfg = Release|Any CPU
		{6CC22909-3AD9-4DDF-BED5-B4C9B0DD854C}.Release|Any CPU.Build.0 = Release|Any CPU
		{1EEBDF65-5BE9-4750-8815-D4770D66D5E8}.Debug|Any CPU.ActiveCfg = Debug|Any CPU
		{1EEBDF65-5BE9-4750-8815-D4770D66D5E8}.Debug|Any CPU.Build.0 = Debug|Any CPU
		{1EEBDF65-5BE9-4750-8815-D4770D66D5E8}.Release|Any CPU.ActiveCfg = Release|Any CPU
		{1EEBDF65-5BE9-4750-8815-D4770D66D5E8}.Release|Any CPU.Build.0 = Release|Any CPU
	EndGlobalSection
	GlobalSection(SolutionProperties) = preSolution
		HideSolutionNode = FALSE
	EndGlobalSection
	GlobalSection(ExtensibilityGlobals) = postSolution
		SolutionGuid = {0C511BF1-019A-4CD7-ABA0-63933C31B36F}
	EndGlobalSection
EndGlobal
